
Microsoft Visual Studio Solution File, Format Version 12.00
Project("{FAE04EC0-301F-11D3-BF4B-00C04F79EFBC}") = "EndRun", "EndRun.csproj", "{60D9FD3B-7837-4F95-A2C7-8E4855473261}"
EndProject
Global
	GlobalSection(SolutionConfigurationPlatforms) = preSolution
		Debug|Any CPU = Debug|Any CPU
		Release|Any CPU = Release|Any CPU
	EndGlobalSection
	GlobalSection(ProjectConfigurationPlatforms) = postSolution
		{60D9FD3B-7837-4F95-A2C7-8E4855473261}.Debug|Any CPU.ActiveCfg = Debug|Any CPU
		{60D9FD3B-7837-4F95-A2C7-8E4855473261}.Debug|Any CPU.Build.0 = Debug|Any CPU
		{60D9FD3B-7837-4F95-A2C7-8E4855473261}.Release|Any CPU.ActiveCfg = Release|Any CPU
		{60D9FD3B-7837-4F95-A2C7-8E4855473261}.Release|Any CPU.Build.0 = Release|Any CPU
	EndGlobalSection
EndGlobal
