
Microsoft Visual Studio Solution File, Format Version 12.00
# Visual Studio Version 18
VisualStudioVersion = 18.7.11903.348
MinimumVisualStudioVersion = 10.0.40219.1
Project("{FAE04EC0-301F-11D3-BF4B-00C04F79EFBC}") = "EndRun", "EndRun.csproj", "{60D9FD3B-7837-4F95-A2C7-8E4855473261}"
EndProject
Global
	GlobalSection(SolutionConfigurationPlatforms) = preSolution
		Debug|Any CPU = Debug|Any CPU
		Release|Any CPU = Release|Any CPU
	EndGlobalSection
	GlobalSection(ProjectConfigurationPlatforms) = postSolution
		{60D9FD3B-7837-4F95-A2C7-8E4855473261}.Debug|Any CPU.ActiveCfg = Debug|Any CPU
		{60D9FD3B-7837-4F95-A2C7-8E4855473261}.Debug|Any CPU.Build.0 = Debug|Any CPU
		{60D9FD3B-7837-4F95-A2C7-8E4855473261}.Release|Any CPU.ActiveCfg = Release|Any CPU
		{60D9FD3B-7837-4F95-A2C7-8E4855473261}.Release|Any CPU.Build.0 = Release|Any CPU
	EndGlobalSection
	GlobalSection(SolutionProperties) = preSolution
		HideSolutionNode = FALSE
	EndGlobalSection
	GlobalSection(ExtensibilityGlobals) = postSolution
		SolutionGuid = {F5E135CA-7000-4E03-BEF5-96F1755BE9B7}
	EndGlobalSection
EndGlobal
